github.com/dustin/go-humanize v0.0.0-20180713052910-9f541cc9db5d h1:lDrio3iIdNb0Gw9CgH7cQF+iuB5mOOjdJ9ERNJCBgb4=
github.com/dustin/go-humanize v0.0.0-20180713052910-9f541cc9db5d/go.mod h1:HtrtbFcZ19U5GC7JDqmcUSB87Iq5E25KnS6fMYU6eOk=
github.com/urfave/cli v0.0.0-20170926034118-ac249472b7de h1:YDBypBsTk3lzKPF4hJ0rlJTXU7e3ub00LtssDvtS9ZM=
github.com/urfave/cli v0.0.0-20170926034118-ac249472b7de/go.mod h1:70zkFmudgCuE/ngEzBv17Jvp/497gISqfk5gWijbERA=
